{
  "version": 4,
  "terraform_version": "1.14.3",
  "serial": 11,
  "lineage": "f7f4e1c1-8bdf-8012-a607-f1f6c892fbb6",
  "outputs": {},
  "resources": [
    {
      "mode": "managed",
      "type": "keycloak_group",
      "name": "groups",
      "provider": "provider[\"registry.terraform.io/mrparkers/keycloak\"]",
      "instances": [
        {
          "index_key": "kube-admin",
          "schema_version": 0,
          "attributes": {
            "attributes": null,
            "id": "c33275f8-331a-4369-8bfb-9340fc689dcd",
            "name": "kube-admin",
            "parent_id": null,
            "path": "/kube-admin",
            "realm_id": "master"
          },
          "sensitive_attributes": [],
          "identity_schema_version": 0,
          "private": "bnVsbA=="
        },
        {
          "index_key": "kube-dev",
          "schema_version": 0,
          "attributes": {
            "attributes": null,
            "id": "7f3bdfb8-89aa-42cc-8d3f-842505982b99",
            "name": "kube-dev",
            "parent_id": null,
            "path": "/kube-dev",
            "realm_id": "master"
          },
          "sensitive_attributes": [],
          "identity_schema_version": 0,
          "private": "bnVsbA=="
        }
      ]
    },
    {
      "mode": "managed",
      "type": "keycloak_openid_client",
      "name": "kube",
      "provider": "provider[\"registry.terraform.io/mrparkers/keycloak\"]",
      "instances": [
        {
          "schema_version": 0,
          "attributes": {
            "access_token_lifespan": "",
            "access_type": "CONFIDENTIAL",
            "admin_url": "",
            "authentication_flow_binding_overrides": [],
            "authorization": [],
            "backchannel_logout_revoke_offline_sessions": false,
            "backchannel_logout_session_required": true,
            "backchannel_logout_url": "",
            "base_url": "",
            "client_authenticator_type": "client-secret",
            "client_id": "kube",
            "client_offline_session_idle_timeout": "",
            "client_offline_session_max_lifespan": "",
            "client_secret": "kube-client-secret",
            "client_session_idle_timeout": "",
            "client_session_max_lifespan": "",
            "consent_required": false,
            "consent_screen_text": "",
            "description": "",
            "direct_access_grants_enabled": true,
            "display_on_consent_screen": false,
            "enabled": true,
            "exclude_session_state_from_auth_response": null,
            "extra_config": null,
            "frontchannel_logout_enabled": false,
            "frontchannel_logout_url": "",
            "full_scope_allowed": true,
            "id": "c15cd9ed-e316-4da3-97c1-0655f13d6811",
            "implicit_flow_enabled": false,
            "import": false,
            "login_theme": "",
            "name": "kube",
            "oauth2_device_authorization_grant_enabled": false,
            "oauth2_device_code_lifespan": "",
            "oauth2_device_polling_interval": "",
            "pkce_code_challenge_method": null,
            "realm_id": "master",
            "resource_server_id": null,
            "root_url": "",
            "service_account_user_id": "",
            "service_accounts_enabled": false,
            "standard_flow_enabled": false,
            "use_refresh_tokens": true,
            "use_refresh_tokens_client_credentials": false,
            "valid_post_logout_redirect_uris": [],
            "valid_redirect_uris": [],
            "web_origins": []
          },
          "sensitive_attributes": [
            [
              {
                "type": "get_attr",
                "value": "client_secret"
              }
            ]
          ],
          "identity_schema_version": 0,
          "private": "bnVsbA=="
        }
      ]
    },
    {
      "mode": "managed",
      "type": "keycloak_openid_client_default_scopes",
      "name": "kube",
      "provider": "provider[\"registry.terraform.io/mrparkers/keycloak\"]",
      "instances": [
        {
          "schema_version": 0,
          "attributes": {
            "client_id": "c15cd9ed-e316-4da3-97c1-0655f13d6811",
            "default_scopes": [
              "email",
              "groups"
            ],
            "id": "master/c15cd9ed-e316-4da3-97c1-0655f13d6811",
            "realm_id": "master"
          },
          "sensitive_attributes": [],
          "identity_schema_version": 0,
          "private": "bnVsbA==",
          "dependencies": [
            "keycloak_openid_client.kube",
            "keycloak_openid_client_scope.groups"
          ]
        }
      ]
    },
    {
      "mode": "managed",
      "type": "keycloak_openid_client_scope",
      "name": "groups",
      "provider": "provider[\"registry.terraform.io/mrparkers/keycloak\"]",
      "instances": [
        {
          "schema_version": 0,
          "attributes": {
            "consent_screen_text": null,
            "description": "",
            "gui_order": 1,
            "id": "f86002fa-bb82-4573-ba08-d0797e83765c",
            "include_in_token_scope": true,
            "name": "groups",
            "realm_id": "master"
          },
          "sensitive_attributes": [],
          "identity_schema_version": 0,
          "private": "bnVsbA=="
        }
      ]
    },
    {
      "mode": "managed",
      "type": "keycloak_openid_group_membership_protocol_mapper",
      "name": "groups",
      "provider": "provider[\"registry.terraform.io/mrparkers/keycloak\"]",
      "instances": [
        {
          "schema_version": 0,
          "attributes": {
            "add_to_access_token": true,
            "add_to_id_token": true,
            "add_to_userinfo": true,
            "claim_name": "groups",
            "client_id": null,
            "client_scope_id": "f86002fa-bb82-4573-ba08-d0797e83765c",
            "full_path": false,
            "id": "26be9de2-b463-473e-9a84-614ba4896bef",
            "name": "groups",
            "realm_id": "master"
          },
          "sensitive_attributes": [],
          "identity_schema_version": 0,
          "private": "bnVsbA==",
          "dependencies": [
            "keycloak_openid_client_scope.groups"
          ]
        }
      ]
    },
    {
      "mode": "managed",
      "type": "keycloak_user",
      "name": "users",
      "provider": "provider[\"registry.terraform.io/mrparkers/keycloak\"]",
      "instances": [
        {
          "index_key": "user-admin",
          "schema_version": 0,
          "attributes": {
            "attributes": null,
            "email": "user-admin@domain.com",
            "email_verified": true,
            "enabled": true,
            "federated_identity": [],
            "first_name": "user-admin",
            "id": "035065ae-0d9f-4bc8-bc30-c1425cda0995",
            "initial_password": [
              {
                "temporary": false,
                "value": "user-admin"
              }
            ],
            "last_name": "user-admin",
            "realm_id": "master",
            "required_actions": null,
            "username": "user-admin"
          },
          "sensitive_attributes": [
            [
              {
                "type": "get_attr",
                "value": "initial_password"
              },
              {
                "type": "index",
                "value": {
                  "value": 0,
                  "type": "number"
                }
              },
              {
                "type": "get_attr",
                "value": "value"
              }
            ]
          ],
          "identity_schema_version": 0,
          "private": "bnVsbA=="
        },
        {
          "index_key": "user-dev",
          "schema_version": 0,
          "attributes": {
            "attributes": null,
            "email": "user-dev@domain.com",
            "email_verified": true,
            "enabled": true,
            "federated_identity": [],
            "first_name": "user-dev",
            "id": "f85eaaa2-45b8-4b34-b1ce-48ef585c5630",
            "initial_password": [
              {
                "temporary": false,
                "value": "user-dev"
              }
            ],
            "last_name": "user-dev",
            "realm_id": "master",
            "required_actions": null,
            "username": "user-dev"
          },
          "sensitive_attributes": [
            [
              {
                "type": "get_attr",
                "value": "initial_password"
              },
              {
                "type": "index",
                "value": {
                  "value": 0,
                  "type": "number"
                }
              },
              {
                "type": "get_attr",
                "value": "value"
              }
            ]
          ],
          "identity_schema_version": 0,
          "private": "bnVsbA=="
        }
      ]
    },
    {
      "mode": "managed",
      "type": "keycloak_user_groups",
      "name": "user_groups",
      "provider": "provider[\"registry.terraform.io/mrparkers/keycloak\"]",
      "instances": [
        {
          "index_key": "user-admin",
          "schema_version": 0,
          "attributes": {
            "exhaustive": true,
            "group_ids": [
              "c33275f8-331a-4369-8bfb-9340fc689dcd"
            ],
            "id": "master/035065ae-0d9f-4bc8-bc30-c1425cda0995",
            "realm_id": "master",
            "user_id": "035065ae-0d9f-4bc8-bc30-c1425cda0995"
          },
          "sensitive_attributes": [],
          "identity_schema_version": 0,
          "private": "bnVsbA==",
          "dependencies": [
            "keycloak_group.groups",
            "keycloak_user.users"
          ]
        },
        {
          "index_key": "user-dev",
          "schema_version": 0,
          "attributes": {
            "exhaustive": true,
            "group_ids": [
              "7f3bdfb8-89aa-42cc-8d3f-842505982b99"
            ],
            "id": "master/f85eaaa2-45b8-4b34-b1ce-48ef585c5630",
            "realm_id": "master",
            "user_id": "f85eaaa2-45b8-4b34-b1ce-48ef585c5630"
          },
          "sensitive_attributes": [],
          "identity_schema_version": 0,
          "private": "bnVsbA==",
          "dependencies": [
            "keycloak_group.groups",
            "keycloak_user.users"
          ]
        }
      ]
    }
  ],
  "check_results": null
}
